// !$*UTF8*$!
{
	archiveVersion = 1;
	classes = {
	};
	objectVersion = 56;
	objects = {

/* Begin PBXBuildFile section */
		1E4D69612BA9E772003707B9 /* CabledApp.swift in Sources */ = {isa = PBXBuildFile; fileRef = 1E4D69602BA9E772003707B9 /* CabledApp.swift */; };
		1E4D69632BA9E772003707B9 /* ContentView.swift in Sources */ = {isa = PBXBuildFile; fileRef = 1E4D69622BA9E772003707B9 /* ContentView.swift */; };
		1E4D69652BA9E773003707B9 /* Assets.xcassets in Resources */ = {isa = PBXBuildFile; fileRef = 1E4D69642BA9E773003707B9 /* Assets.xcassets */; };
		1E4D69692BA9E773003707B9 /* Preview Assets.xcassets in Resources */ = {isa = PBXBuildFile; fileRef = 1E4D69682BA9E773003707B9 /* Preview Assets.xcassets */; };
		1E4D69732BA9E773003707B9 /* CabledTests.swift in Sources */ = {isa = PBXBuildFile; fileRef = 1E4D69722BA9E773003707B9 /* CabledTests.swift */; };
		1E4D697D2BA9E773003707B9 /* CabledUITests.swift in Sources */ = {isa = PBXBuildFile; fileRef = 1E4D697C2BA9E773003707B9 /* CabledUITests.swift */; };
		1E4D697F2BA9E773003707B9 /* CabledUITestsLaunchTests.swift in Sources */ = {isa = PBXBuildFile; fileRef = 1E4D697E2BA9E773003707B9 /* CabledUITestsLaunchTests.swift */; };
/* End PBXBuildFile section */

/* Begin PBXContainerItemProxy section */
		1E4D696F2BA9E773003707B9 /* PBXContainerItemProxy */ = {
			isa = PBXContainerItemProxy;
			containerPortal = 1E4D69552BA9E772003707B9 /* Project object */;
			proxyType = 1;
			remoteGlobalIDString = 1E4D695C2BA9E772003707B9;
			remoteInfo = Cabled;
		};
		1E4D69792BA9E773003707B9 /* PBXContainerItemProxy */ = {
			isa = PBXContainerItemProxy;
			containerPortal = 1E4D69552BA9E772003707B9 /* Project object */;
			proxyType = 1;
			remoteGlobalIDString = 1E4D695C2BA9E772003707B9;
			remoteInfo = Cabled;
		};
/* End PBXContainerItemProxy section */

/* Begin PBXFileReference section */
		1E4D695D2BA9E772003707B9 /* Cabled.app */ = {isa = PBXFileReference; explicitFileType = wrapper.application; includeInIndex = 0; path = Cabled.app; sourceTree = BUILT_PRODUCTS_DIR; };
		1E4D69602BA9E772003707B9 /* CabledApp.swift */ = {isa = PBXFileReference; lastKnownFileType = sourcecode.swift; path = CabledApp.swift; sourceTree = "<group>"; };
		1E4D69622BA9E772003707B9 /* ContentView.swift */ = {isa = PBXFileReference; lastKnownFileType = sourcecode.swift; path = ContentView.swift; sourceTree = "<group>"; };
		1E4D69642BA9E773003707B9 /* Assets.xcassets */ = {isa = PBXFileReference; lastKnownFileType = folder.assetcatalog; path = Assets.xcassets; sourceTree = "<group>"; };
		1E4D69662BA9E773003707B9 /* Cabled.entitlements */ = {isa = PBXFileReference; lastKnownFileType = text.plist.entitlements; path = Cabled.entitlements; sourceTree = "<group>"; };
		1E4D69682BA9E773003707B9 /* Preview Assets.xcassets */ = {isa = PBXFileReference; lastKnownFileType = folder.assetcatalog; path = "Preview Assets.xcassets"; sourceTree = "<group>"; };
		1E4D696E2BA9E773003707B9 /* CabledTests.xctest */ = {isa = PBXFileReference; explicitFileType = wrapper.cfbundle; includeInIndex = 0; path = CabledTests.xctest; sourceTree = BUILT_PRODUCTS_DIR; };
		1E4D69722BA9E773003707B9 /* CabledTests.swift */ = {isa = PBXFileReference; lastKnownFileType = sourcecode.swift; path = CabledTests.swift; sourceTree = "<group>"; };
		1E4D69782BA9E773003707B9 /* CabledUITests.xctest */ = {isa = PBXFileReference; explicitFileType = wrapper.cfbundle; includeInIndex = 0; path = CabledUITests.xctest; sourceTree = BUILT_PRODUCTS_DIR; };
		1E4D697C2BA9E773003707B9 /* CabledUITests.swift */ = {isa = PBXFileReference; lastKnownFileType = sourcecode.swift; path = CabledUITests.swift; sourceTree = "<group>"; };
		1E4D697E2BA9E773003707B9 /* CabledUITestsLaunchTests.swift */ = {isa = PBXFileReference; lastKnownFileType = sourcecode.swift; path = CabledUITestsLaunchTests.swift; sourceTree = "<group>"; };
/* End PBXFileReference section */

/* Begin PBXFrameworksBuildPhase section */
		1E4D695A2BA9E772003707B9 /* Frameworks */ = {
			isa = PBXFrameworksBuildPhase;
			buildActionMask = 2147483647;
			files = (
			);
			runOnlyForDeploymentPostprocessing = 0;
		};
		1E4D696B2BA9E773003707B9 /* Frameworks */ = {
			isa = PBXFrameworksBuildPhase;
			buildActionMask = 2147483647;
			files = (
			);
			runOnlyForDeploymentPostprocessing = 0;
		};
		1E4D69752BA9E773003707B9 /* Frameworks */ = {
			isa = PBXFrameworksBuildPhase;
			buildActionMask = 2147483647;
			files = (
			);
			runOnlyForDeploymentPostprocessing = 0;
		};
/* End PBXFrameworksBuildPhase section */

/* Begin PBXGroup section */
		1E4D69542BA9E772003707B9 = {
			isa = PBXGroup;
			children = (
				1E4D695F2BA9E772003707B9 /* Cabled */,
				1E4D69712BA9E773003707B9 /* CabledTests */,
				1E4D697B2BA9E773003707B9 /* CabledUITests */,
				1E4D695E2BA9E772003707B9 /* Products */,
			);
			sourceTree = "<group>";
		};
		1E4D695E2BA9E772003707B9 /* Products */ = {
			isa = PBXGroup;
			children = (
				1E4D695D2BA9E772003707B9 /* Cabled.app */,
				1E4D696E2BA9E773003707B9 /* CabledTests.xctest */,
				1E4D69782BA9E773003707B9 /* CabledUITests.xctest */,
			);
			name = Products;
			sourceTree = "<group>";
		};
		1E4D695F2BA9E772003707B9 /* Cabled */ = {
			isa = PBXGroup;
			children = (
				1E4D69602BA9E772003707B9 /* CabledApp.swift */,
				1E4D69622BA9E772003707B9 /* ContentView.swift */,
				1E4D69642BA9E773003707B9 /* Assets.xcassets */,
				1E4D69662BA9E773003707B9 /* Cabled.entitlements */,
				1E4D69672BA9E773003707B9 /* Preview Content */,
			);
			path = Cabled;
			sourceTree = "<group>";
		};
		1E4D69672BA9E773003707B9 /* Preview Content */ = {
			isa = PBXGroup;
			children = (
				1E4D69682BA9E773003707B9 /* Preview Assets.xcassets */,
			);
			path = "Preview Content";
			sourceTree = "<group>";
		};
		1E4D69712BA9E773003707B9 /* CabledTests */ = {
			isa = PBXGroup;
			children = (
				1E4D69722BA9E773003707B9 /* CabledTests.swift */,
			);
			path = CabledTests;
			sourceTree = "<group>";
		};
		1E4D697B2BA9E773003707B9 /* CabledUITests */ = {
			isa = PBXGroup;
			children = (
				1E4D697C2BA9E773003707B9 /* CabledUITests.swift */,
				1E4D697E2BA9E773003707B9 /* CabledUITestsLaunchTests.swift */,
			);
			path = CabledUITests;
			sourceTree = "<group>";
		};
/* End PBXGroup section */

/* Begin PBXNativeTarget section */
		1E4D695C2BA9E772003707B9 /* Cabled */ = {
			isa = PBXNativeTarget;
			buildConfigurationList = 1E4D69822BA9E773003707B9 /* Build configuration list for PBXNativeTarget "Cabled" */;
			buildPhases = (
				1E4D69592BA9E772003707B9 /* Sources */,
				1E4D695A2BA9E772003707B9 /* Frameworks */,
				1E4D695B2BA9E772003707B9 /* Resources */,
			);
			buildRules = (
			);
			dependencies = (
			);
			name = Cabled;
			productName = Cabled;
			productReference = 1E4D695D2BA9E772003707B9 /* Cabled.app */;
			productType = "com.apple.product-type.application";
		};
		1E4D696D2BA9E773003707B9 /* CabledTests */ = {
			isa = PBXNativeTarget;
			buildConfigurationList = 1E4D69852BA9E773003707B9 /* Build configuration list for PBXNativeTarget "CabledTests" */;
			buildPhases = (
				1E4D696A2BA9E773003707B9 /* Sources */,
				1E4D696B2BA9E773003707B9 /* Frameworks */,
				1E4D696C2BA9E773003707B9 /* Resources */,
			);
			buildRules = (
			);
			dependencies = (
				1E4D69702BA9E773003707B9 /* PBXTargetDependency */,
			);
			name = CabledTests;
			productName = CabledTests;
			productReference = 1E4D696E2BA9E773003707B9 /* CabledTests.xctest */;
			productType = "com.apple.product-type.bundle.unit-test";
		};
		1E4D69772BA9E773003707B9 /* CabledUITests */ = {
			isa = PBXNativeTarget;
			buildConfigurationList = 1E4D69882BA9E773003707B9 /* Build configuration list for PBXNativeTarget "CabledUITests" */;
			buildPhases = (
				1E4D69742BA9E773003707B9 /* Sources */,
				1E4D69752BA9E773003707B9 /* Frameworks */,
				1E4D69762BA9E773003707B9 /* Resources */,
			);
			buildRules = (
			);
			dependencies = (
				1E4D697A2BA9E773003707B9 /* PBXTargetDependency */,
			);
			name = CabledUITests;
			productName = CabledUITests;
			productReference = 1E4D69782BA9E773003707B9 /* CabledUITests.xctest */;
			productType = "com.apple.product-type.bundle.ui-testing";
		};
/* End PBXNativeTarget section */

/* Begin PBXProject section */
		1E4D69552BA9E772003707B9 /* Project object */ = {
			isa = PBXProject;
			attributes = {
				BuildIndependentTargetsInParallel = 1;
				LastSwiftUpdateCheck = 1530;
				LastUpgradeCheck = 1530;
				TargetAttributes = {
					1E4D695C2BA9E772003707B9 = {
						CreatedOnToolsVersion = 15.3;
					};
					1E4D696D2BA9E773003707B9 = {
						CreatedOnToolsVersion = 15.3;
						TestTargetID = 1E4D695C2BA9E772003707B9;
					};
					1E4D69772BA9E773003707B9 = {
						CreatedOnToolsVersion = 15.3;
						TestTargetID = 1E4D695C2BA9E772003707B9;
					};
				};
			};
			buildConfigurationList = 1E4D69582BA9E772003707B9 /* Build configuration list for PBXProject "Cabled" */;
			compatibilityVersion = "Xcode 14.0";
			developmentRegion = en;
			hasScannedForEncodings = 0;
			knownRegions = (
				en,
				Base,
			);
			mainGroup = 1E4D69542BA9E772003707B9;
			productRefGroup = 1E4D695E2BA9E772003707B9 /* Products */;
			projectDirPath = "";
			projectRoot = "";
			targets = (
				1E4D695C2BA9E772003707B9 /* Cabled */,
				1E4D696D2BA9E773003707B9 /* CabledTests */,
				1E4D69772BA9E773003707B9 /* CabledUITests */,
			);
		};
/* End PBXProject section */

/* Begin PBXResourcesBuildPhase section */
		1E4D695B2BA9E772003707B9 /* Resources */ = {
			isa = PBXResourcesBuildPhase;
			buildActionMask = 2147483647;
			files = (
				1E4D69692BA9E773003707B9 /* Preview Assets.xcassets in Resources */,
				1E4D69652BA9E773003707B9 /* Assets.xcassets in Resources */,
			);
			runOnlyForDeploymentPostprocessing = 0;
		};
		1E4D696C2BA9E773003707B9 /* Resources */ = {
			isa = PBXResourcesBuildPhase;
			buildActionMask = 2147483647;
			files = (
			);
			runOnlyForDeploymentPostprocessing = 0;
		};
		1E4D69762BA9E773003707B9 /* Resources */ = {
			isa = PBXResourcesBuildPhase;
			buildActionMask = 2147483647;
			files = (
			);
			runOnlyForDeploymentPostprocessing = 0;
		};
/* End PBXResourcesBuildPhase section */

/* Begin PBXSourcesBuildPhase section */
		1E4D69592BA9E772003707B9 /* Sources */ = {
			isa = PBXSourcesBuildPhase;
			buildActionMask = 2147483647;
			files = (
				1E4D69632BA9E772003707B9 /* ContentView.swift in Sources */,
				1E4D69612BA9E772003707B9 /* CabledApp.swift in Sources */,
			);
			runOnlyForDeploymentPostprocessing = 0;
		};
		1E4D696A2BA9E773003707B9 /* Sources */ = {
			isa = PBXSourcesBuildPhase;
			buildActionMask = 2147483647;
			files = (
				1E4D69732BA9E773003707B9 /* CabledTests.swift in Sources */,
			);
			runOnlyForDeploymentPostprocessing = 0;
		};
		1E4D69742BA9E773003707B9 /* Sources */ = {
			isa = PBXSourcesBuildPhase;
			buildActionMask = 2147483647;
			files = (
				1E4D697D2BA9E773003707B9 /* CabledUITests.swift in Sources */,
				1E4D697F2BA9E773003707B9 /* CabledUITestsLaunchTests.swift in Sources */,
			);
			runOnlyForDeploymentPostprocessing = 0;
		};
/* End PBXSourcesBuildPhase section */

/* Begin PBXTargetDependency section */
		1E4D69702BA9E773003707B9 /* PBXTargetDependency */ = {
			isa = PBXTargetDependency;
			target = 1E4D695C2BA9E772003707B9 /* Cabled */;
			targetProxy = 1E4D696F2BA9E773003707B9 /* PBXContainerItemProxy */;
		};
		1E4D697A2BA9E773003707B9 /* PBXTargetDependency */ = {
			isa = PBXTargetDependency;
			target = 1E4D695C2BA9E772003707B9 /* Cabled */;
			targetProxy = 1E4D69792BA9E773003707B9 /* PBXContainerItemProxy */;
		};
/* End PBXTargetDependency section */

/* Begin XCBuildConfiguration section */
		1E4D69802BA9E773003707B9 /* Debug */ = {
			isa = XCBuildConfiguration;
			buildSettings = {
				ALWAYS_SEARCH_USER_PATHS = NO;
				ASSETCATALOG_COMPILER_GENERATE_SWIFT_ASSET_SYMBOL_EXTENSIONS = YES;
				CLANG_ANALYZER_NONNULL = YES;
				CLANG_ANALYZER_NUMBER_OBJECT_CONVERSION = YES_AGGRESSIVE;
				CLANG_CXX_LANGUAGE_STANDARD = "gnu++20";
				CLANG_ENABLE_MODULES = YES;
				CLANG_ENABLE_OBJC_ARC = YES;
				CLANG_ENABLE_OBJC_WEAK = YES;
				CLANG_WARN_BLOCK_CAPTURE_AUTORELEASING = YES;
				CLANG_WARN_BOOL_CONVERSION = YES;
				CLANG_WARN_COMMA = YES;
				CLANG_WARN_CONSTANT_CONVERSION = YES;
				CLANG_WARN_DEPRECATED_OBJC_IMPLEMENTATIONS = YES;
				CLANG_WARN_DIRECT_OBJC_ISA_USAGE = YES_ERROR;
				CLANG_WARN_DOCUMENTATION_COMMENTS = YES;
				CLANG_WARN_EMPTY_BODY = YES;
				CLANG_WARN_ENUM_CONVERSION = YES;
				CLANG_WARN_INFINITE_RECURSION = YES;
				CLANG_WARN_INT_CONVERSION = YES;
				CLANG_WARN_NON_LITERAL_NULL_CONVERSION = YES;
				CLANG_WARN_OBJC_IMPLICIT_RETAIN_SELF = YES;
				CLANG_WARN_OBJC_LITERAL_CONVERSION = YES;
				CLANG_WARN_OBJC_ROOT_CLASS = YES_ERROR;
				CLANG_WARN_QUOTED_INCLUDE_IN_FRAMEWORK_HEADER = YES;
				CLANG_WARN_RANGE_LOOP_ANALYSIS = YES;
				CLANG_WARN_STRICT_PROTOTYPES = YES;
				CLANG_WARN_SUSPICIOUS_MOVE = YES;
				CLANG_WARN_UNGUARDED_AVAILABILITY = YES_AGGRESSIVE;
				CLANG_WARN_UNREACHABLE_CODE = YES;
				CLANG_WARN__DUPLICATE_METHOD_MATCH = YES;
				COPY_PHASE_STRIP = NO;
				DEBUG_INFORMATION_FORMAT = dwarf;
				ENABLE_STRICT_OBJC_MSGSEND = YES;
				ENABLE_TESTABILITY = YES;
				ENABLE_USER_SCRIPT_SANDBOXING = YES;
				GCC_C_LANGUAGE_STANDARD = gnu17;
				GCC_DYNAMIC_NO_PIC = NO;
				GCC_NO_COMMON_BLOCKS = YES;
				GCC_OPTIMIZATION_LEVEL = 0;
				GCC_PREPROCESSOR_DEFINITIONS = (
					"DEBUG=1",
					"$(inherited)",
				);
				GCC_WARN_64_TO_32_BIT_CONVERSION = YES;
				GCC_WARN_ABOUT_RETURN_TYPE = YES_ERROR;
				GCC_WARN_UNDECLARED_SELECTOR = YES;
				GCC_WARN_UNINITIALIZED_AUTOS = YES_AGGRESSIVE;
				GCC_WARN_UNUSED_FUNCTION = YES;
				GCC_WARN_UNUSED_VARIABLE = YES;
				LOCALIZATION_PREFERS_STRING_CATALOGS = YES;
				MTL_ENABLE_DEBUG_INFO = INCLUDE_SOURCE;
				MTL_FAST_MATH = YES;
				ONLY_ACTIVE_ARCH = YES;
				SWIFT_ACTIVE_COMPILATION_CONDITIONS = "DEBUG $(inherited)";
				SWIFT_OPTIMIZATION_LEVEL = "-Onone";
			};
			name = Debug;
		};
		1E4D69812BA9E773003707B9 /* Release */ = {
			isa = XCBuildConfiguration;
			buildSettings = {
				ALWAYS_SEARCH_USER_PATHS = NO;
				ASSETCATALOG_COMPILER_GENERATE_SWIFT_ASSET_SYMBOL_EXTENSIONS = YES;
				CLANG_ANALYZER_NONNULL = YES;
				CLANG_ANALYZER_NUMBER_OBJECT_CONVERSION = YES_AGGRESSIVE;
				CLANG_CXX_LANGUAGE_STANDARD = "gnu++20";
				CLANG_ENABLE_MODULES = YES;
				CLANG_ENABLE_OBJC_ARC = YES;
				CLANG_ENABLE_OBJC_WEAK = YES;
				CLANG_WARN_BLOCK_CAPTURE_AUTORELEASING = YES;
				CLANG_WARN_BOOL_CONVERSION = YES;
				CLANG_WARN_COMMA = YES;
				CLANG_WARN_CONSTANT_CONVERSION = YES;
				CLANG_WARN_DEPRECATED_OBJC_IMPLEMENTATIONS = YES;
				CLANG_WARN_DIRECT_OBJC_ISA_USAGE = YES_ERROR;
				CLANG_WARN_DOCUMENTATION_COMMENTS = YES;
				CLANG_WARN_EMPTY_BODY = YES;
				CLANG_WARN_ENUM_CONVERSION = YES;
				CLANG_WARN_INFINITE_RECURSION = YES;
				CLANG_WARN_INT_CONVERSION = YES;
				CLANG_WARN_NON_LITERAL_NULL_CONVERSION = YES;
				CLANG_WARN_OBJC_IMPLICIT_RETAIN_SELF = YES;
				CLANG_WARN_OBJC_LITERAL_CONVERSION = YES;
				CLANG_WARN_OBJC_ROOT_CLASS = YES_ERROR;
				CLANG_WARN_QUOTED_INCLUDE_IN_FRAMEWORK_HEADER = YES;
				CLANG_WARN_RANGE_LOOP_ANALYSIS = YES;
				CLANG_WARN_STRICT_PROTOTYPES = YES;
				CLANG_WARN_SUSPICIOUS_MOVE = YES;
				CLANG_WARN_UNGUARDED_AVAILABILITY = YES_AGGRESSIVE;
				CLANG_WARN_UNREACHABLE_CODE = YES;
				CLANG_WARN__DUPLICATE_METHOD_MATCH = YES;
				COPY_PHASE_STRIP = NO;
				DEBUG_INFORMATION_FORMAT = "dwarf-with-dsym";
				ENABLE_NS_ASSERTIONS = NO;
				ENABLE_STRICT_OBJC_MSGSEND = YES;
				ENABLE_USER_SCRIPT_SANDBOXING = YES;
				GCC_C_LANGUAGE_STANDARD = gnu17;
				GCC_NO_COMMON_BLOCKS = YES;
				GCC_WARN_64_TO_32_BIT_CONVERSION = YES;
				GCC_WARN_ABOUT_RETURN_TYPE = YES_ERROR;
				GCC_WARN_UNDECLARED_SELECTOR = YES;
				GCC_WARN_UNINITIALIZED_AUTOS = YES_AGGRESSIVE;
				GCC_WARN_UNUSED_FUNCTION = YES;
				GCC_WARN_UNUSED_VARIABLE = YES;
				LOCALIZATION_PREFERS_STRING_CATALOGS = YES;
				MTL_ENABLE_DEBUG_INFO = NO;
				MTL_FAST_MATH = YES;
				SWIFT_COMPILATION_MODE = wholemodule;
			};
			name = Release;
		};
		1E4D69832BA9E773003707B9 /* Debug */ = {
			isa = XCBuildConfiguration;
			buildSettings = {
				ASSETCATALOG_COMPILER_APPICON_NAME = AppIcon;
				ASSETCATALOG_COMPILER_GLOBAL_ACCENT_COLOR_NAME = AccentColor;
				CODE_SIGN_ENTITLEMENTS = Cabled/Cabled.entitlements;
				CODE_SIGN_STYLE = Automatic;
				CURRENT_PROJECT_VERSION = 1;
				DEVELOPMENT_ASSET_PATHS = "\"Cabled/Preview Content\"";
				DEVELOPMENT_TEAM = 9P4YNRM8C2;
				ENABLE_HARDENED_RUNTIME = YES;
				ENABLE_PREVIEWS = YES;
				GENERATE_INFOPLIST_FILE = YES;
				"INFOPLIST_KEY_UIApplicationSceneManifest_Generation[sdk=iphoneos*]" = YES;
				"INFOPLIST_KEY_UIApplicationSceneManifest_Generation[sdk=iphonesimulator*]" = YES;
				"INFOPLIST_KEY_UIApplicationSupportsIndirectInputEvents[sdk=iphoneos*]" = YES;
				"INFOPLIST_KEY_UIApplicationSupportsIndirectInputEvents[sdk=iphonesimulator*]" = YES;
				"INFOPLIST_KEY_UILaunchScreen_Generation[sdk=iphoneos*]" = YES;
				"INFOPLIST_KEY_UILaunchScreen_Generation[sdk=iphonesimulator*]" = YES;
				"INFOPLIST_KEY_UIStatusBarStyle[sdk=iphoneos*]" = UIStatusBarStyleDefault;
				"INFOPLIST_KEY_UIStatusBarStyle[sdk=iphonesimulator*]" = UIStatusBarStyleDefault;
				INFOPLIST_KEY_UISupportedInterfaceOrientations_iPad = "UIInterfaceOrientationPortrait UIInterfaceOrientationPortraitUpsideDown UIInterfaceOrientationLandscapeLeft UIInterfaceOrientationLandscapeRight";
				INFOPLIST_KEY_UISupportedInterfaceOrientations_iPhone = "UIInterfaceOrientationPortrait UIInterfaceOrientationLandscapeLeft UIInterfaceOrientationLandscapeRight";
				IPHONEOS_DEPLOYMENT_TARGET = 17.4;
				LD_RUNPATH_SEARCH_PATHS = "@executable_path/Frameworks";
				"LD_RUNPATH_SEARCH_PATHS[sdk=macosx*]" = "@executable_path/../Frameworks";
				MACOSX_DEPLOYMENT_TARGET = 14.4;
				MARKETING_VERSION = 1.0;
				PRODUCT_BUNDLE_IDENTIFIER = "koester-ventures.Cabled";
				PRODUCT_NAME = "$(TARGET_NAME)";
				SDKROOT = auto;
				SUPPORTED_PLATFORMS = "iphoneos iphonesimulator macosx";
				SWIFT_EMIT_LOC_STRINGS = YES;
				SWIFT_VERSION = 5.0;
				TARGETED_DEVICE_FAMILY = "1,2";
			};
			name = Debug;
		};
		1E4D69842BA9E773003707B9 /* Release */ = {
			isa = XCBuildConfiguration;
			buildSettings = {
				ASSETCATALOG_COMPILER_APPICON_NAME = AppIcon;
				ASSETCATALOG_COMPILER_GLOBAL_ACCENT_COLOR_NAME = AccentColor;
				CODE_SIGN_ENTITLEMENTS = Cabled/Cabled.entitlements;
				CODE_SIGN_STYLE = Automatic;
				CURRENT_PROJECT_VERSION = 1;
				DEVELOPMENT_ASSET_PATHS = "\"Cabled/Preview Content\"";
				DEVELOPMENT_TEAM = 9P4YNRM8C2;
				ENABLE_HARDENED_RUNTIME = YES;
				ENABLE_PREVIEWS = YES;
				GENERATE_INFOPLIST_FILE = YES;
				"INFOPLIST_KEY_UIApplicationSceneManifest_Generation[sdk=iphoneos*]" = YES;
				"INFOPLIST_KEY_UIApplicationSceneManifest_Generation[sdk=iphonesimulator*]" = YES;
				"INFOPLIST_KEY_UIApplicationSupportsIndirectInputEvents[sdk=iphoneos*]" = YES;
				"INFOPLIST_KEY_UIApplicationSupportsIndirectInputEvents[sdk=iphonesimulator*]" = YES;
				"INFOPLIST_KEY_UILaunchScreen_Generation[sdk=iphoneos*]" = YES;
				"INFOPLIST_KEY_UILaunchScreen_Generation[sdk=iphonesimulator*]" = YES;
				"INFOPLIST_KEY_UIStatusBarStyle[sdk=iphoneos*]" = UIStatusBarStyleDefault;
				"INFOPLIST_KEY_UIStatusBarStyle[sdk=iphonesimulator*]" = UIStatusBarStyleDefault;
				INFOPLIST_KEY_UISupportedInterfaceOrientations_iPad = "UIInterfaceOrientationPortrait UIInterfaceOrientationPortraitUpsideDown UIInterfaceOrientationLandscapeLeft UIInterfaceOrientationLandscapeRight";
				INFOPLIST_KEY_UISupportedInterfaceOrientations_iPhone = "UIInterfaceOrientationPortrait UIInterfaceOrientationLandscapeLeft UIInterfaceOrientationLandscapeRight";
				IPHONEOS_DEPLOYMENT_TARGET = 17.4;
				LD_RUNPATH_SEARCH_PATHS = "@executable_path/Frameworks";
				"LD_RUNPATH_SEARCH_PATHS[sdk=macosx*]" = "@executable_path/../Frameworks";
				MACOSX_DEPLOYMENT_TARGET = 14.4;
				MARKETING_VERSION = 1.0;
				PRODUCT_BUNDLE_IDENTIFIER = "koester-ventures.Cabled";
				PRODUCT_NAME = "$(TARGET_NAME)";
				SDKROOT = auto;
				SUPPORTED_PLATFORMS = "iphoneos iphonesimulator macosx";
				SWIFT_EMIT_LOC_STRINGS = YES;
				SWIFT_VERSION = 5.0;
				TARGETED_DEVICE_FAMILY = "1,2";
			};
			name = Release;
		};
		1E4D69862BA9E773003707B9 /* Debug */ = {
			isa = XCBuildConfiguration;
			buildSettings = {
				ALWAYS_EMBED_SWIFT_STANDARD_LIBRARIES = YES;
				BUNDLE_LOADER = "$(TEST_HOST)";
				CODE_SIGN_STYLE = Automatic;
				CURRENT_PROJECT_VERSION = 1;
				DEVELOPMENT_TEAM = 9P4YNRM8C2;
				GENERATE_INFOPLIST_FILE = YES;
				IPHONEOS_DEPLOYMENT_TARGET = 17.4;
				MACOSX_DEPLOYMENT_TARGET = 14.4;
				MARKETING_VERSION = 1.0;
				PRODUCT_BUNDLE_IDENTIFIER = "koester-ventures.CabledTests";
				PRODUCT_NAME = "$(TARGET_NAME)";
				SDKROOT = auto;
				SUPPORTED_PLATFORMS = "iphoneos iphonesimulator macosx";
				SWIFT_EMIT_LOC_STRINGS = NO;
				SWIFT_VERSION = 5.0;
				TARGETED_DEVICE_FAMILY = "1,2";
				TEST_HOST = "$(BUILT_PRODUCTS_DIR)/Cabled.app/$(BUNDLE_EXECUTABLE_FOLDER_PATH)/Cabled";
			};
			name = Debug;
		};
		1E4D69872BA9E773003707B9 /* Release */ = {
			isa = XCBuildConfiguration;
			buildSettings = {
				ALWAYS_EMBED_SWIFT_STANDARD_LIBRARIES = YES;
				BUNDLE_LOADER = "$(TEST_HOST)";
				CODE_SIGN_STYLE = Automatic;
				CURRENT_PROJECT_VERSION = 1;
				DEVELOPMENT_TEAM = 9P4YNRM8C2;
				GENERATE_INFOPLIST_FILE = YES;
				IPHONEOS_DEPLOYMENT_TARGET = 17.4;
				MACOSX_DEPLOYMENT_TARGET = 14.4;
				MARKETING_VERSION = 1.0;
				PRODUCT_BUNDLE_IDENTIFIER = "koester-ventures.CabledTests";
				PRODUCT_NAME = "$(TARGET_NAME)";
				SDKROOT = auto;
				SUPPORTED_PLATFORMS = "iphoneos iphonesimulator macosx";
				SWIFT_EMIT_LOC_STRINGS = NO;
				SWIFT_VERSION = 5.0;
				TARGETED_DEVICE_FAMILY = "1,2";
				TEST_HOST = "$(BUILT_PRODUCTS_DIR)/Cabled.app/$(BUNDLE_EXECUTABLE_FOLDER_PATH)/Cabled";
			};
			name = Release;
		};
		1E4D69892BA9E773003707B9 /* Debug */ = {
			isa = XCBuildConfiguration;
			buildSettings = {
				ALWAYS_EMBED_SWIFT_STANDARD_LIBRARIES = YES;
				CODE_SIGN_STYLE = Automatic;
				CURRENT_PROJECT_VERSION = 1;
				DEVELOPMENT_TEAM = 9P4YNRM8C2;
				GENERATE_INFOPLIST_FILE = YES;
				IPHONEOS_DEPLOYMENT_TARGET = 17.4;
				MACOSX_DEPLOYMENT_TARGET = 14.4;
				MARKETING_VERSION = 1.0;
				PRODUCT_BUNDLE_IDENTIFIER = "koester-ventures.CabledUITests";
				PRODUCT_NAME = "$(TARGET_NAME)";
				SDKROOT = auto;
				SUPPORTED_PLATFORMS = "iphoneos iphonesimulator macosx";
				SWIFT_EMIT_LOC_STRINGS = NO;
				SWIFT_VERSION = 5.0;
				TARGETED_DEVICE_FAMILY = "1,2";
				TEST_TARGET_NAME = Cabled;
			};
			name = Debug;
		};
		1E4D698A2BA9E773003707B9 /* Release */ = {
			isa = XCBuildConfiguration;
			buildSettings = {
				ALWAYS_EMBED_SWIFT_STANDARD_LIBRARIES = YES;
				CODE_SIGN_STYLE = Automatic;
				CURRENT_PROJECT_VERSION = 1;
				DEVELOPMENT_TEAM = 9P4YNRM8C2;
				GENERATE_INFOPLIST_FILE = YES;
				IPHONEOS_DEPLOYMENT_TARGET = 17.4;
				MACOSX_DEPLOYMENT_TARGET = 14.4;
				MARKETING_VERSION = 1.0;
				PRODUCT_BUNDLE_IDENTIFIER = "koester-ventures.CabledUITests";
				PRODUCT_NAME = "$(TARGET_NAME)";
				SDKROOT = auto;
				SUPPORTED_PLATFORMS = "iphoneos iphonesimulator macosx";
				SWIFT_EMIT_LOC_STRINGS = NO;
				SWIFT_VERSION = 5.0;
				TARGETED_DEVICE_FAMILY = "1,2";
				TEST_TARGET_NAME = Cabled;
			};
			name = Release;
		};
/* End XCBuildConfiguration section */

/* Begin XCConfigurationList section */
		1E4D69582BA9E772003707B9 /* Build configuration list for PBXProject "Cabled" */ = {
			isa = XCConfigurationList;
			buildConfigurations = (
				1E4D69802BA9E773003707B9 /* Debug */,
				1E4D69812BA9E773003707B9 /* Release */,
			);
			defaultConfigurationIsVisible = 0;
			defaultConfigurationName = Release;
		};
		1E4D69822BA9E773003707B9 /* Build configuration list for PBXNativeTarget "Cabled" */ = {
			isa = XCConfigurationList;
			buildConfigurations = (
				1E4D69832BA9E773003707B9 /* Debug */,
				1E4D69842BA9E773003707B9 /* Release */,
			);
			defaultConfigurationIsVisible = 0;
			defaultConfigurationName = Release;
		};
		1E4D69852BA9E773003707B9 /* Build configuration list for PBXNativeTarget "CabledTests" */ = {
			isa = XCConfigurationList;
			buildConfigurations = (
				1E4D69862BA9E773003707B9 /* Debug */,
				1E4D69872BA9E773003707B9 /* Release */,
			);
			defaultConfigurationIsVisible = 0;
			defaultConfigurationName = Release;
		};
		1E4D69882BA9E773003707B9 /* Build configuration list for PBXNativeTarget "CabledUITests" */ = {
			isa = XCConfigurationList;
			buildConfigurations = (
				1E4D69892BA9E773003707B9 /* Debug */,
				1E4D698A2BA9E773003707B9 /* Release */,
			);
			defaultConfigurationIsVisible = 0;
			defaultConfigurationName = Release;
		};
/* End XCConfigurationList section */
	};
	rootObject = 1E4D69552BA9E772003707B9 /* Project object */;
}
